
Microsoft Visual Studio Solution File, Format Version 12.00
# Visual Studio 2012
VisualStudioVersion = 12.0.31101.0
MinimumVisualStudioVersion = 10.0.40219.1
Project("{FAE04EC0-301F-11D3-BF4B-00C04F79EFBC}") = "TheApp.WinPhone", "TheApp\TheApp.WinPhone\TheApp.WinPhone.csproj", "{2FB45731-26FC-4D38-9E69-F1BDC3262DE1}"
EndProject
Project("{FAE04EC0-301F-11D3-BF4B-00C04F79EFBC}") = "TheApp.iOS", "TheApp\TheApp.iOS\TheApp.iOS.csproj", "{7943457D-7A5C-4EE8-B2C7-80BDE0D62156}"
EndProject
Project("{FAE04EC0-301F-11D3-BF4B-00C04F79EFBC}") = "TheApp.Droid", "TheApp\TheApp.Droid\TheApp.Droid.csproj", "{EC362D9D-A79A-4CF7-BE00-D521C58F93FF}"
EndProject
Project("{D954291E-2A0B-460D-934E-DC6B0785DB48}") = "TheApp", "TheApp\TheApp\TheApp.shproj", "{482FAA1C-7625-4C7D-9254-5081FF427DA7}"
EndProject
Project("{FAE04EC0-301F-11D3-BF4B-00C04F79EFBC}") = "SomeLibrary", "SomeLibrary\SomeLibrary.csproj", "{92E518D3-9E53-4A05-88BA-DC1D4B09CE67}"
EndProject
Global
	GlobalSection(SolutionConfigurationPlatforms) = preSolution
		Ad-Hoc|Any CPU = Ad-Hoc|Any CPU
		Ad-Hoc|ARM = Ad-Hoc|ARM
		Ad-Hoc|iPhone = Ad-Hoc|iPhone
		Ad-Hoc|iPhoneSimulator = Ad-Hoc|iPhoneSimulator
		Ad-Hoc|Mixed Platforms = Ad-Hoc|Mixed Platforms
		Ad-Hoc|x86 = Ad-Hoc|x86
		AppStore|Any CPU = AppStore|Any CPU
		AppStore|ARM = AppStore|ARM
		AppStore|iPhone = AppStore|iPhone
		AppStore|iPhoneSimulator = AppStore|iPhoneSimulator
		AppStore|Mixed Platforms = AppStore|Mixed Platforms
		AppStore|x86 = AppStore|x86
		Debug|Any CPU = Debug|Any CPU
		Debug|ARM = Debug|ARM
		Debug|iPhone = Debug|iPhone
		Debug|iPhoneSimulator = Debug|iPhoneSimulator
		Debug|Mixed Platforms = Debug|Mixed Platforms
		Debug|x86 = Debug|x86
		Release|Any CPU = Release|Any CPU
		Release|ARM = Release|ARM
		Release|iPhone = Release|iPhone
		Release|iPhoneSimulator = Release|iPhoneSimulator
		Release|Mixed Platforms = Release|Mixed Platforms
		Release|x86 = Release|x86
	EndGlobalSection
	GlobalSection(ProjectConfigurationPlatforms) = postSolution
		{2FB45731-26FC-4D38-9E69-F1BDC3262DE1}.Ad-Hoc|Any CPU.ActiveCfg = Release|Any CPU
		{2FB45731-26FC-4D38-9E69-F1BDC3262DE1}.Ad-Hoc|Any CPU.Build.0 = Release|Any CPU
		{2FB45731-26FC-4D38-9E69-F1BDC3262DE1}.Ad-Hoc|Any CPU.Deploy.0 = Release|Any CPU
		{2FB45731-26FC-4D38-9E69-F1BDC3262DE1}.Ad-Hoc|ARM.ActiveCfg = Release|ARM
		{2FB45731-26FC-4D38-9E69-F1BDC3262DE1}.Ad-Hoc|ARM.Build.0 = Release|ARM
		{2FB45731-26FC-4D38-9E69-F1BDC3262DE1}.Ad-Hoc|ARM.Deploy.0 = Release|ARM
		{2FB45731-26FC-4D38-9E69-F1BDC3262DE1}.Ad-Hoc|iPhone.ActiveCfg = Release|Any CPU
		{2FB45731-26FC-4D38-9E69-F1BDC3262DE1}.Ad-Hoc|iPhoneSimulator.ActiveCfg = Release|Any CPU
		{2FB45731-26FC-4D38-9E69-F1BDC3262DE1}.Ad-Hoc|Mixed Platforms.ActiveCfg = Release|x86
		{2FB45731-26FC-4D38-9E69-F1BDC3262DE1}.Ad-Hoc|Mixed Platforms.Build.0 = Release|x86
		{2FB45731-26FC-4D38-9E69-F1BDC3262DE1}.Ad-Hoc|Mixed Platforms.Deploy.0 = Release|x86
		{2FB45731-26FC-4D38-9E69-F1BDC3262DE1}.Ad-Hoc|x86.ActiveCfg = Release|x86
		{2FB45731-26FC-4D38-9E69-F1BDC3262DE1}.Ad-Hoc|x86.Build.0 = Release|x86
		{2FB45731-26FC-4D38-9E69-F1BDC3262DE1}.Ad-Hoc|x86.Deploy.0 = Release|x86
		{2FB45731-26FC-4D38-9E69-F1BDC3262DE1}.AppStore|Any CPU.ActiveCfg = Release|Any CPU
		{2FB45731-26FC-4D38-9E69-F1BDC3262DE1}.AppStore|Any CPU.Build.0 = Release|Any CPU
		{2FB45731-26FC-4D38-9E69-F1BDC3262DE1}.AppStore|Any CPU.Deploy.0 = Release|Any CPU
		{2FB45731-26FC-4D38-9E69-F1BDC3262DE1}.AppStore|ARM.ActiveCfg = Release|ARM
		{2FB45731-26FC-4D38-9E69-F1BDC3262DE1}.AppStore|ARM.Build.0 = Release|ARM
		{2FB45731-26FC-4D38-9E69-F1BDC3262DE1}.AppStore|ARM.Deploy.0 = Release|ARM
		{2FB45731-26FC-4D38-9E69-F1BDC3262DE1}.AppStore|iPhone.ActiveCfg = Release|Any CPU
		{2FB45731-26FC-4D38-9E69-F1BDC3262DE1}.AppStore|iPhoneSimulator.ActiveCfg = Release|Any CPU
		{2FB45731-26FC-4D38-9E69-F1BDC3262DE1}.AppStore|Mixed Platforms.ActiveCfg = Release|x86
		{2FB45731-26FC-4D38-9E69-F1BDC3262DE1}.AppStore|Mixed Platforms.Build.0 = Release|x86
		{2FB45731-26FC-4D38-9E69-F1BDC3262DE1}.AppStore|Mixed Platforms.Deploy.0 = Release|x86
		{2FB45731-26FC-4D38-9E69-F1BDC3262DE1}.AppStore|x86.ActiveCfg = Release|x86
		{2FB45731-26FC-4D38-9E69-F1BDC3262DE1}.AppStore|x86.Build.0 = Release|x86
		{2FB45731-26FC-4D38-9E69-F1BDC3262DE1}.AppStore|x86.Deploy.0 = Release|x86
		{2FB45731-26FC-4D38-9E69-F1BDC3262DE1}.Debug|Any CPU.ActiveCfg = Debug|Any CPU
		{2FB45731-26FC-4D38-9E69-F1BDC3262DE1}.Debug|Any CPU.Build.0 = Debug|Any CPU
		{2FB45731-26FC-4D38-9E69-F1BDC3262DE1}.Debug|Any CPU.Deploy.0 = Debug|Any CPU
		{2FB45731-26FC-4D38-9E69-F1BDC3262DE1}.Debug|ARM.ActiveCfg = Debug|ARM
		{2FB45731-26FC-4D38-9E69-F1BDC3262DE1}.Debug|ARM.Build.0 = Debug|ARM
		{2FB45731-26FC-4D38-9E69-F1BDC3262DE1}.Debug|ARM.Deploy.0 = Debug|ARM
		{2FB45731-26FC-4D38-9E69-F1BDC3262DE1}.Debug|iPhone.ActiveCfg = Debug|Any CPU
		{2FB45731-26FC-4D38-9E69-F1BDC3262DE1}.Debug|iPhoneSimulator.ActiveCfg = Debug|Any CPU
		{2FB45731-26FC-4D38-9E69-F1BDC3262DE1}.Debug|Mixed Platforms.ActiveCfg = Debug|x86
		{2FB45731-26FC-4D38-9E69-F1BDC3262DE1}.Debug|Mixed Platforms.Build.0 = Debug|x86
		{2FB45731-26FC-4D38-9E69-F1BDC3262DE1}.Debug|Mixed Platforms.Deploy.0 = Debug|x86
		{2FB45731-26FC-4D38-9E69-F1BDC3262DE1}.Debug|x86.ActiveCfg = Debug|x86
		{2FB45731-26FC-4D38-9E69-F1BDC3262DE1}.Debug|x86.Build.0 = Debug|x86
		{2FB45731-26FC-4D38-9E69-F1BDC3262DE1}.Debug|x86.Deploy.0 = Debug|x86
		{2FB45731-26FC-4D38-9E69-F1BDC3262DE1}.Release|Any CPU.ActiveCfg = Release|Any CPU
		{2FB45731-26FC-4D38-9E69-F1BDC3262DE1}.Release|Any CPU.Build.0 = Release|Any CPU
		{2FB45731-26FC-4D38-9E69-F1BDC3262DE1}.Release|Any CPU.Deploy.0 = Release|Any CPU
		{2FB45731-26FC-4D38-9E69-F1BDC3262DE1}.Release|ARM.ActiveCfg = Release|ARM
		{2FB45731-26FC-4D38-9E69-F1BDC3262DE1}.Release|ARM.Build.0 = Release|ARM
		{2FB45731-26FC-4D38-9E69-F1BDC3262DE1}.Release|ARM.Deploy.0 = Release|ARM
		{2FB45731-26FC-4D38-9E69-F1BDC3262DE1}.Release|iPhone.ActiveCfg = Release|Any CPU
		{2FB45731-26FC-4D38-9E69-F1BDC3262DE1}.Release|iPhoneSimulator.ActiveCfg = Release|Any CPU
		{2FB45731-26FC-4D38-9E69-F1BDC3262DE1}.Release|Mixed Platforms.ActiveCfg = Release|x86
		{2FB45731-26FC-4D38-9E69-F1BDC3262DE1}.Release|Mixed Platforms.Build.0 = Release|x86
		{2FB45731-26FC-4D38-9E69-F1BDC3262DE1}.Release|Mixed Platforms.Deploy.0 = Release|x86
		{2FB45731-26FC-4D38-9E69-F1BDC3262DE1}.Release|x86.ActiveCfg = Release|x86
		{2FB45731-26FC-4D38-9E69-F1BDC3262DE1}.Release|x86.Build.0 = Release|x86
		{2FB45731-26FC-4D38-9E69-F1BDC3262DE1}.Release|x86.Deploy.0 = Release|x86
		{7943457D-7A5C-4EE8-B2C7-80BDE0D62156}.Ad-Hoc|Any CPU.ActiveCfg = Ad-Hoc|iPhone
		{7943457D-7A5C-4EE8-B2C7-80BDE0D62156}.Ad-Hoc|ARM.ActiveCfg = Ad-Hoc|iPhone
		{7943457D-7A5C-4EE8-B2C7-80BDE0D62156}.Ad-Hoc|iPhone.ActiveCfg = Ad-Hoc|iPhone
		{7943457D-7A5C-4EE8-B2C7-80BDE0D62156}.Ad-Hoc|iPhone.Build.0 = Ad-Hoc|iPhone
		{7943457D-7A5C-4EE8-B2C7-80BDE0D62156}.Ad-Hoc|iPhoneSimulator.ActiveCfg = Ad-Hoc|iPhoneSimulator
		{7943457D-7A5C-4EE8-B2C7-80BDE0D62156}.Ad-Hoc|iPhoneSimulator.Build.0 = Ad-Hoc|iPhoneSimulator
		{7943457D-7A5C-4EE8-B2C7-80BDE0D62156}.Ad-Hoc|Mixed Platforms.ActiveCfg = Ad-Hoc|iPhone
		{7943457D-7A5C-4EE8-B2C7-80BDE0D62156}.Ad-Hoc|Mixed Platforms.Build.0 = Ad-Hoc|iPhone
		{7943457D-7A5C-4EE8-B2C7-80BDE0D62156}.Ad-Hoc|x86.ActiveCfg = Ad-Hoc|iPhone
		{7943457D-7A5C-4EE8-B2C7-80BDE0D62156}.AppStore|Any CPU.ActiveCfg = AppStore|iPhone
		{7943457D-7A5C-4EE8-B2C7-80BDE0D62156}.AppStore|ARM.ActiveCfg = AppStore|iPhone
		{7943457D-7A5C-4EE8-B2C7-80BDE0D62156}.AppStore|iPhone.ActiveCfg = AppStore|iPhone
		{7943457D-7A5C-4EE8-B2C7-80BDE0D62156}.AppStore|iPhone.Build.0 = AppStore|iPhone
		{7943457D-7A5C-4EE8-B2C7-80BDE0D62156}.AppStore|iPhoneSimulator.ActiveCfg = AppStore|iPhoneSimulator
		{7943457D-7A5C-4EE8-B2C7-80BDE0D62156}.AppStore|iPhoneSimulator.Build.0 = AppStore|iPhoneSimulator
		{7943457D-7A5C-4EE8-B2C7-80BDE0D62156}.AppStore|Mixed Platforms.ActiveCfg = AppStore|iPhone
		{7943457D-7A5C-4EE8-B2C7-80BDE0D62156}.AppStore|Mixed Platforms.Build.0 = AppStore|iPhone
		{7943457D-7A5C-4EE8-B2C7-80BDE0D62156}.AppStore|x86.ActiveCfg = AppStore|iPhone
		{7943457D-7A5C-4EE8-B2C7-80BDE0D62156}.Debug|Any CPU.ActiveCfg = Debug|iPhone
		{7943457D-7A5C-4EE8-B2C7-80BDE0D62156}.Debug|ARM.ActiveCfg = Debug|iPhone
		{7943457D-7A5C-4EE8-B2C7-80BDE0D62156}.Debug|iPhone.ActiveCfg = Debug|iPhone
		{7943457D-7A5C-4EE8-B2C7-80BDE0D62156}.Debug|iPhone.Build.0 = Debug|iPhone
		{7943457D-7A5C-4EE8-B2C7-80BDE0D62156}.Debug|iPhoneSimulator.ActiveCfg = Debug|iPhoneSimulator
		{7943457D-7A5C-4EE8-B2C7-80BDE0D62156}.Debug|iPhoneSimulator.Build.0 = Debug|iPhoneSimulator
		{7943457D-7A5C-4EE8-B2C7-80BDE0D62156}.Debug|Mixed Platforms.ActiveCfg = Debug|iPhone
		{7943457D-7A5C-4EE8-B2C7-80BDE0D62156}.Debug|Mixed Platforms.Build.0 = Debug|iPhone
		{7943457D-7A5C-4EE8-B2C7-80BDE0D62156}.Debug|x86.ActiveCfg = Debug|iPhone
		{7943457D-7A5C-4EE8-B2C7-80BDE0D62156}.Release|Any CPU.ActiveCfg = Release|iPhone
		{7943457D-7A5C-4EE8-B2C7-80BDE0D62156}.Release|ARM.ActiveCfg = Release|iPhone
		{7943457D-7A5C-4EE8-B2C7-80BDE0D62156}.Release|iPhone.ActiveCfg = Release|iPhone
		{7943457D-7A5C-4EE8-B2C7-80BDE0D62156}.Release|iPhone.Build.0 = Release|iPhone
		{7943457D-7A5C-4EE8-B2C7-80BDE0D62156}.Release|iPhoneSimulator.ActiveCfg = Release|iPhoneSimulator
		{7943457D-7A5C-4EE8-B2C7-80BDE0D62156}.Release|iPhoneSimulator.Build.0 = Release|iPhoneSimulator
		{7943457D-7A5C-4EE8-B2C7-80BDE0D62156}.Release|Mixed Platforms.ActiveCfg = Release|iPhone
		{7943457D-7A5C-4EE8-B2C7-80BDE0D62156}.Release|Mixed Platforms.Build.0 = Release|iPhone
		{7943457D-7A5C-4EE8-B2C7-80BDE0D62156}.Release|x86.ActiveCfg = Release|iPhone
		{92E518D3-9E53-4A05-88BA-DC1D4B09CE67}.Ad-Hoc|Any CPU.ActiveCfg = Release|Any CPU
		{92E518D3-9E53-4A05-88BA-DC1D4B09CE67}.Ad-Hoc|Any CPU.Build.0 = Release|Any CPU
		{92E518D3-9E53-4A05-88BA-DC1D4B09CE67}.Ad-Hoc|ARM.ActiveCfg = Release|Any CPU
		{92E518D3-9E53-4A05-88BA-DC1D4B09CE67}.Ad-Hoc|iPhone.ActiveCfg = Release|Any CPU
		{92E518D3-9E53-4A05-88BA-DC1D4B09CE67}.Ad-Hoc|iPhoneSimulator.ActiveCfg = Release|Any CPU
		{92E518D3-9E53-4A05-88BA-DC1D4B09CE67}.Ad-Hoc|Mixed Platforms.ActiveCfg = Release|Any CPU
		{92E518D3-9E53-4A05-88BA-DC1D4B09CE67}.Ad-Hoc|Mixed Platforms.Build.0 = Release|Any CPU
		{92E518D3-9E53-4A05-88BA-DC1D4B09CE67}.Ad-Hoc|x86.ActiveCfg = Release|Any CPU
		{92E518D3-9E53-4A05-88BA-DC1D4B09CE67}.AppStore|Any CPU.ActiveCfg = Release|Any CPU
		{92E518D3-9E53-4A05-88BA-DC1D4B09CE67}.AppStore|Any CPU.Build.0 = Release|Any CPU
		{92E518D3-9E53-4A05-88BA-DC1D4B09CE67}.AppStore|ARM.ActiveCfg = Release|Any CPU
		{92E518D3-9E53-4A05-88BA-DC1D4B09CE67}.AppStore|iPhone.ActiveCfg = Release|Any CPU
		{92E518D3-9E53-4A05-88BA-DC1D4B09CE67}.AppStore|iPhoneSimulator.ActiveCfg = Release|Any CPU
		{92E518D3-9E53-4A05-88BA-DC1D4B09CE67}.AppStore|Mixed Platforms.ActiveCfg = Release|Any CPU
		{92E518D3-9E53-4A05-88BA-DC1D4B09CE67}.AppStore|Mixed Platforms.Build.0 = Release|Any CPU
		{92E518D3-9E53-4A05-88BA-DC1D4B09CE67}.AppStore|x86.ActiveCfg = Release|Any CPU
		{92E518D3-9E53-4A05-88BA-DC1D4B09CE67}.Debug|Any CPU.ActiveCfg = Debug|Any CPU
		{92E518D3-9E53-4A05-88BA-DC1D4B09CE67}.Debug|Any CPU.Build.0 = Debug|Any CPU
		{92E518D3-9E53-4A05-88BA-DC1D4B09CE67}.Debug|ARM.ActiveCfg = Debug|Any CPU
		{92E518D3-9E53-4A05-88BA-DC1D4B09CE67}.Debug|iPhone.ActiveCfg = Debug|Any CPU
		{92E518D3-9E53-4A05-88BA-DC1D4B09CE67}.Debug|iPhoneSimulator.ActiveCfg = Debug|Any CPU
		{92E518D3-9E53-4A05-88BA-DC1D4B09CE67}.Debug|Mixed Platforms.ActiveCfg = Debug|Any CPU
		{92E518D3-9E53-4A05-88BA-DC1D4B09CE67}.Debug|Mixed Platforms.Build.0 = Debug|Any CPU
		{92E518D3-9E53-4A05-88BA-DC1D4B09CE67}.Debug|x86.ActiveCfg = Debug|Any CPU
		{92E518D3-9E53-4A05-88BA-DC1D4B09CE67}.Release|Any CPU.ActiveCfg = Release|Any CPU
		{92E518D3-9E53-4A05-88BA-DC1D4B09CE67}.Release|Any CPU.Build.0 = Release|Any CPU
		{92E518D3-9E53-4A05-88BA-DC1D4B09CE67}.Release|ARM.ActiveCfg = Release|Any CPU
		{92E518D3-9E53-4A05-88BA-DC1D4B09CE67}.Release|iPhone.ActiveCfg = Release|Any CPU
		{92E518D3-9E53-4A05-88BA-DC1D4B09CE67}.Release|iPhoneSimulator.ActiveCfg = Release|Any CPU
		{92E518D3-9E53-4A05-88BA-DC1D4B09CE67}.Release|Mixed Platforms.ActiveCfg = Release|Any CPU
		{92E518D3-9E53-4A05-88BA-DC1D4B09CE67}.Release|Mixed Platforms.Build.0 = Release|Any CPU
		{92E518D3-9E53-4A05-88BA-DC1D4B09CE67}.Release|x86.ActiveCfg = Release|Any CPU
		{EC362D9D-A79A-4CF7-BE00-D521C58F93FF}.Ad-Hoc|Any CPU.ActiveCfg = Release|Any CPU
		{EC362D9D-A79A-4CF7-BE00-D521C58F93FF}.Ad-Hoc|Any CPU.Build.0 = Release|Any CPU
		{EC362D9D-A79A-4CF7-BE00-D521C58F93FF}.Ad-Hoc|Any CPU.Deploy.0 = Release|Any CPU
		{EC362D9D-A79A-4CF7-BE00-D521C58F93FF}.Ad-Hoc|ARM.ActiveCfg = Release|Any CPU
		{EC362D9D-A79A-4CF7-BE00-D521C58F93FF}.Ad-Hoc|iPhone.ActiveCfg = Release|Any CPU
		{EC362D9D-A79A-4CF7-BE00-D521C58F93FF}.Ad-Hoc|iPhoneSimulator.ActiveCfg = Release|Any CPU
		{EC362D9D-A79A-4CF7-BE00-D521C58F93FF}.Ad-Hoc|Mixed Platforms.ActiveCfg = Release|Any CPU
		{EC362D9D-A79A-4CF7-BE00-D521C58F93FF}.Ad-Hoc|Mixed Platforms.Build.0 = Release|Any CPU
		{EC362D9D-A79A-4CF7-BE00-D521C58F93FF}.Ad-Hoc|Mixed Platforms.Deploy.0 = Release|Any CPU
		{EC362D9D-A79A-4CF7-BE00-D521C58F93FF}.Ad-Hoc|x86.ActiveCfg = Release|Any CPU
		{EC362D9D-A79A-4CF7-BE00-D521C58F93FF}.AppStore|Any CPU.ActiveCfg = Release|Any CPU
		{EC362D9D-A79A-4CF7-BE00-D521C58F93FF}.AppStore|Any CPU.Build.0 = Release|Any CPU
		{EC362D9D-A79A-4CF7-BE00-D521C58F93FF}.AppStore|Any CPU.Deploy.0 = Release|Any CPU
		{EC362D9D-A79A-4CF7-BE00-D521C58F93FF}.AppStore|ARM.ActiveCfg = Release|Any CPU
		{EC362D9D-A79A-4CF7-BE00-D521C58F93FF}.AppStore|iPhone.ActiveCfg = Release|Any CPU
		{EC362D9D-A79A-4CF7-BE00-D521C58F93FF}.AppStore|iPhoneSimulator.ActiveCfg = Release|Any CPU
		{EC362D9D-A79A-4CF7-BE00-D521C58F93FF}.AppStore|Mixed Platforms.ActiveCfg = Release|Any CPU
		{EC362D9D-A79A-4CF7-BE00-D521C58F93FF}.AppStore|Mixed Platforms.Build.0 = Release|Any CPU
		{EC362D9D-A79A-4CF7-BE00-D521C58F93FF}.AppStore|Mixed Platforms.Deploy.0 = Release|Any CPU
		{EC362D9D-A79A-4CF7-BE00-D521C58F93FF}.AppStore|x86.ActiveCfg = Release|Any CPU
		{EC362D9D-A79A-4CF7-BE00-D521C58F93FF}.Debug|Any CPU.ActiveCfg = Debug|Any CPU
		{EC362D9D-A79A-4CF7-BE00-D521C58F93FF}.Debug|Any CPU.Build.0 = Debug|Any CPU
		{EC362D9D-A79A-4CF7-BE00-D521C58F93FF}.Debug|Any CPU.Deploy.0 = Debug|Any CPU
		{EC362D9D-A79A-4CF7-BE00-D521C58F93FF}.Debug|ARM.ActiveCfg = Debug|Any CPU
		{EC362D9D-A79A-4CF7-BE00-D521C58F93FF}.Debug|iPhone.ActiveCfg = Debug|Any CPU
		{EC362D9D-A79A-4CF7-BE00-D521C58F93FF}.Debug|iPhoneSimulator.ActiveCfg = Debug|Any CPU
		{EC362D9D-A79A-4CF7-BE00-D521C58F93FF}.Debug|Mixed Platforms.ActiveCfg = Debug|Any CPU
		{EC362D9D-A79A-4CF7-BE00-D521C58F93FF}.Debug|Mixed Platforms.Build.0 = Debug|Any CPU
		{EC362D9D-A79A-4CF7-BE00-D521C58F93FF}.Debug|Mixed Platforms.Deploy.0 = Debug|Any CPU
		{EC362D9D-A79A-4CF7-BE00-D521C58F93FF}.Debug|x86.ActiveCfg = Debug|Any CPU
		{EC362D9D-A79A-4CF7-BE00-D521C58F93FF}.Release|Any CPU.ActiveCfg = Release|Any CPU
		{EC362D9D-A79A-4CF7-BE00-D521C58F93FF}.Release|Any CPU.Build.0 = Release|Any CPU
		{EC362D9D-A79A-4CF7-BE00-D521C58F93FF}.Release|Any CPU.Deploy.0 = Release|Any CPU
		{EC362D9D-A79A-4CF7-BE00-D521C58F93FF}.Release|ARM.ActiveCfg = Release|Any CPU
		{EC362D9D-A79A-4CF7-BE00-D521C58F93FF}.Release|iPhone.ActiveCfg = Release|Any CPU
		{EC362D9D-A79A-4CF7-BE00-D521C58F93FF}.Release|iPhoneSimulator.ActiveCfg = Release|Any CPU
		{EC362D9D-A79A-4CF7-BE00-D521C58F93FF}.Release|Mixed Platforms.ActiveCfg = Release|Any CPU
		{EC362D9D-A79A-4CF7-BE00-D521C58F93FF}.Release|Mixed Platforms.Build.0 = Release|Any CPU
		{EC362D9D-A79A-4CF7-BE00-D521C58F93FF}.Release|Mixed Platforms.Deploy.0 = Release|Any CPU
		{EC362D9D-A79A-4CF7-BE00-D521C58F93FF}.Release|x86.ActiveCfg = Release|Any CPU
	EndGlobalSection
	GlobalSection(SharedMSBuildProjectFiles) = preSolution
		TheApp\TheApp\TheApp.projitems*{7943457d-7a5c-4ee8-b2c7-80bde0d62156}*SharedItemsImports = 4
		TheApp\TheApp\TheApp.projitems*{ec362d9d-a79a-4cf7-be00-d521c58f93ff}*SharedItemsImports = 4
		TheApp\TheApp\TheApp.projitems*{2fb45731-26fc-4d38-9e69-f1bdc3262de1}*SharedItemsImports = 4
		TheApp\TheApp\TheApp.projitems*{482faa1c-7625-4c7d-9254-5081ff427da7}*SharedItemsImports = 13
	EndGlobalSection
	GlobalSection(SolutionProperties) = preSolution
		HideSolutionNode = FALSE
	EndGlobalSection
EndGlobal
